
Microsoft Visual Studio Solution File, Format Version 12.00
# Visual Studio Version 16
VisualStudioVersion = 16.0.31205.134
MinimumVisualStudioVersion = 10.0.40219.1
Project("{9A19103F-16F7-4668-BE54-9A1E7A4F7556}") = "BlobStorageV12FunctionApp", "BlobStorageV12FunctionApp\BlobStorageV12FunctionApp.csproj", "{9BC8B64A-9CB4-4F12-97BD-22D18E29B8B9}"
EndProject
Project("{2150E333-8FDC-42A3-9474-1A3956D46DE8}") = "Solution Items", "Solution Items", "{72FC2DD2-4C0E-4891-891A-F2A522AEDA9E}"
	ProjectSection(SolutionItems) = preProject
		README.md = README.md
	EndProjectSection
EndProject
Project("{9A19103F-16F7-4668-BE54-9A1E7A4F7556}") = "BlobStorageV12FunctionApp.Tests", "BlobStorageV12FunctionApp.Tests\BlobStorageV12FunctionApp.Tests.csproj", "{742592F9-D8FE-4D41-9C82-45D8B46F796D}"
EndProject
Project("{9A19103F-16F7-4668-BE54-9A1E7A4F7556}") = "BlobStorageV12ConsoleApp", "BlobStorageV12ConsoleApp\BlobStorageV12ConsoleApp.csproj", "{2C673ADF-3628-431C-A1EE-A27256CB9B6D}"
EndProject
Project("{FAE04EC0-301F-11D3-BF4B-00C04F79EFBC}") = "BlobStorageV12.Core", "BlobStorageV12.Core\BlobStorageV12.Core.csproj", "{C07A2B7B-1A38-4703-A864-0E61137E9FF3}"
EndProject
Global
	GlobalSection(SolutionConfigurationPlatforms) = preSolution
		Debug|Any CPU = Debug|Any CPU
		Release|Any CPU = Release|Any CPU
	EndGlobalSection
	GlobalSection(ProjectConfigurationPlatforms) = postSolution
		{9BC8B64A-9CB4-4F12-97BD-22D18E29B8B9}.Debug|Any CPU.ActiveCfg = Debug|Any CPU
		{9BC8B64A-9CB4-4F12-97BD-22D18E29B8B9}.Debug|Any CPU.Build.0 = Debug|Any CPU
		{9BC8B64A-9CB4-4F12-97BD-22D18E29B8B9}.Release|Any CPU.ActiveCfg = Release|Any CPU
		{9BC8B64A-9CB4-4F12-97BD-22D18E29B8B9}.Release|Any CPU.Build.0 = Release|Any CPU
		{742592F9-D8FE-4D41-9C82-45D8B46F796D}.Debug|Any CPU.ActiveCfg = Debug|Any CPU
		{742592F9-D8FE-4D41-9C82-45D8B46F796D}.Debug|Any CPU.Build.0 = Debug|Any CPU
		{742592F9-D8FE-4D41-9C82-45D8B46F796D}.Release|Any CPU.ActiveCfg = Release|Any CPU
		{742592F9-D8FE-4D41-9C82-45D8B46F796D}.Release|Any CPU.Build.0 = Release|Any CPU
		{2C673ADF-3628-431C-A1EE-A27256CB9B6D}.Debug|Any CPU.ActiveCfg = Debug|Any CPU
		{2C673ADF-3628-431C-A1EE-A27256CB9B6D}.Debug|Any CPU.Build.0 = Debug|Any CPU
		{2C673ADF-3628-431C-A1EE-A27256CB9B6D}.Release|Any CPU.ActiveCfg = Release|Any CPU
		{2C673ADF-3628-431C-A1EE-A27256CB9B6D}.Release|Any CPU.Build.0 = Release|Any CPU
		{C07A2B7B-1A38-4703-A864-0E61137E9FF3}.Debug|Any CPU.ActiveCfg = Debug|Any CPU
		{C07A2B7B-1A38-4703-A864-0E61137E9FF3}.Debug|Any CPU.Build.0 = Debug|Any CPU
		{C07A2B7B-1A38-4703-A864-0E61137E9FF3}.Release|Any CPU.ActiveCfg = Release|Any CPU
		{C07A2B7B-1A38-4703-A864-0E61137E9FF3}.Release|Any CPU.Build.0 = Release|Any CPU
	EndGlobalSection
	GlobalSection(SolutionProperties) = preSolution
		HideSolutionNode = FALSE
	EndGlobalSection
	GlobalSection(ExtensibilityGlobals) = postSolution
		SolutionGuid = {8F2D45AE-2AB9-4782-88C9-C5864F17CFF4}
	EndGlobalSection
EndGlobal
